
Microsoft Visual Studio Solution File, Format Version 12.00
# Visual Studio Version 17
VisualStudioVersion = 17.6.33815.320
MinimumVisualStudioVersion = 10.0.40219.1
Project("{FAE04EC0-301F-11D3-BF4B-00C04F79EFBC}") = "StudCrud", "StudCrud.csproj", "{354AA54A-F0D9-4DCA-8AF1-221830E1AE24}"
EndProject
Global
	GlobalSection(SolutionConfigurationPlatforms) = preSolution
		Debug|Any CPU = Debug|Any CPU
		Release|Any CPU = Release|Any CPU
	EndGlobalSection
	GlobalSection(ProjectConfigurationPlatforms) = postSolution
		{354AA54A-F0D9-4DCA-8AF1-221830E1AE24}.Debug|Any CPU.ActiveCfg = Debug|Any CPU
		{354AA54A-F0D9-4DCA-8AF1-221830E1AE24}.Debug|Any CPU.Build.0 = Debug|Any CPU
		{354AA54A-F0D9-4DCA-8AF1-221830E1AE24}.Release|Any CPU.ActiveCfg = Release|Any CPU
		{354AA54A-F0D9-4DCA-8AF1-221830E1AE24}.Release|Any CPU.Build.0 = Release|Any CPU
	EndGlobalSection
	GlobalSection(SolutionProperties) = preSolution
		HideSolutionNode = FALSE
	EndGlobalSection
	GlobalSection(ExtensibilityGlobals) = postSolution
		SolutionGuid = {F63666E7-50BE-468C-8FFE-07C5AD8F840E}
	EndGlobalSection
EndGlobal
